{
  "name": "clase17_parte_02_nvm_packages_2222",
  "version": "1.0.0",
  "lockfileVersion": 2,
  "requires": true,
  "packages": {
    "": {
      "name": "clase17_parte_02_nvm_packages_2222",
      "version": "1.0.0",
      "license": "ISC",
      "dependencies": {
        "clase17_parte_02_nvm_packages": "^1.0.0"
      }
    },
    "node_modules/clase17_parte_02_nvm_packages": {
      "version": "1.0.0",
      "resolved": "https://registry.npmjs.org/clase17_parte_02_nvm_packages/-/clase17_parte_02_nvm_packages-1.0.0.tgz",
      "integrity": "sha512-0W4/MDfFiJQBGdPpkAFRwlxvKZEv7gTFvd2UBDqMe1NNRHuxUW5+7EZRKhJM7dQxeJGoP8U56xvgSkGKHXvEoQ=="
    }
  },
  "dependencies": {
    "clase17_parte_02_nvm_packages": {
      "version": "1.0.0",
      "resolved": "https://registry.npmjs.org/clase17_parte_02_nvm_packages/-/clase17_parte_02_nvm_packages-1.0.0.tgz",
      "integrity": "sha512-0W4/MDfFiJQBGdPpkAFRwlxvKZEv7gTFvd2UBDqMe1NNRHuxUW5+7EZRKhJM7dQxeJGoP8U56xvgSkGKHXvEoQ=="
    }
  }
}
